
Microsoft Visual Studio Solution File, Format Version 12.00
# Visual Studio Version 17
VisualStudioVersion = 17.8.34316.72
MinimumVisualStudioVersion = 10.0.40219.1
Project("{8BC9CEB8-8B4A-11D0-8D11-00A0C91BC942}") = "final_assignment", "final_assignment\final_assignment.vcxproj", "{D8428A8A-DF05-449B-B53F-087CDDAF9500}"
EndProject
Project("{8BC9CEB8-8B4A-11D0-8D11-00A0C91BC942}") = "button_learn", "button_learn\button_learn.vcxproj", "{153C7FE2-CC96-4A1A-A9C8-B6F93438353C}"
EndProject
Project("{8BC9CEB8-8B4A-11D0-8D11-00A0C91BC942}") = "student_management_learning", "student_management_learning\student_management_learning.vcxproj", "{4C3A60EB-933A-489E-AE9B-FD57EFA523C4}"
EndProject
Project("{8BC9CEB8-8B4A-11D0-8D11-00A0C91BC942}") = "test", "test\test.vcxproj", "{468244BA-E436-445C-B201-20CA3FCA48BB}"
EndProject
Project("{8BC9CEB8-8B4A-11D0-8D11-00A0C91BC942}") = "TextBox_learn", "TextBox_learning\TextBox_learning.vcxproj", "{3F4BB0B4-2318-418D-8050-C78165F3FF87}"
EndProject
Project("{8BC9CEB8-8B4A-11D0-8D11-00A0C91BC942}") = "简易五子棋项目", "简易五子棋项目\简易五子棋项目.vcxproj", "{4A85965C-B408-4C05-A565-1EA185BF1011}"
EndProject
Project("{8BC9CEB8-8B4A-11D0-8D11-00A0C91BC942}") = "button_learn2", "button_learn2\button_learn2.vcxproj", "{A1D056B0-13EF-44BD-92D4-59BAB319D2CA}"
EndProject
Global
	GlobalSection(SolutionConfigurationPlatforms) = preSolution
		Debug|x64 = Debug|x64
		Debug|x86 = Debug|x86
		Release|x64 = Release|x64
		Release|x86 = Release|x86
	EndGlobalSection
	GlobalSection(ProjectConfigurationPlatforms) = postSolution
		{D8428A8A-DF05-449B-B53F-087CDDAF9500}.Debug|x64.ActiveCfg = Debug|x64
		{D8428A8A-DF05-449B-B53F-087CDDAF9500}.Debug|x64.Build.0 = Debug|x64
		{D8428A8A-DF05-449B-B53F-087CDDAF9500}.Debug|x86.ActiveCfg = Debug|Win32
		{D8428A8A-DF05-449B-B53F-087CDDAF9500}.Debug|x86.Build.0 = Debug|Win32
		{D8428A8A-DF05-449B-B53F-087CDDAF9500}.Release|x64.ActiveCfg = Release|x64
		{D8428A8A-DF05-449B-B53F-087CDDAF9500}.Release|x64.Build.0 = Release|x64
		{D8428A8A-DF05-449B-B53F-087CDDAF9500}.Release|x86.ActiveCfg = Release|Win32
		{D8428A8A-DF05-449B-B53F-087CDDAF9500}.Release|x86.Build.0 = Release|Win32
		{153C7FE2-CC96-4A1A-A9C8-B6F93438353C}.Debug|x64.ActiveCfg = Debug|x64
		{153C7FE2-CC96-4A1A-A9C8-B6F93438353C}.Debug|x64.Build.0 = Debug|x64
		{153C7FE2-CC96-4A1A-A9C8-B6F93438353C}.Debug|x86.ActiveCfg = Debug|Win32
		{153C7FE2-CC96-4A1A-A9C8-B6F93438353C}.Debug|x86.Build.0 = Debug|Win32
		{153C7FE2-CC96-4A1A-A9C8-B6F93438353C}.Release|x64.ActiveCfg = Release|x64
		{153C7FE2-CC96-4A1A-A9C8-B6F93438353C}.Release|x64.Build.0 = Release|x64
		{153C7FE2-CC96-4A1A-A9C8-B6F93438353C}.Release|x86.ActiveCfg = Release|Win32
		{153C7FE2-CC96-4A1A-A9C8-B6F93438353C}.Release|x86.Build.0 = Release|Win32
		{4C3A60EB-933A-489E-AE9B-FD57EFA523C4}.Debug|x64.ActiveCfg = Debug|x64
		{4C3A60EB-933A-489E-AE9B-FD57EFA523C4}.Debug|x64.Build.0 = Debug|x64
		{4C3A60EB-933A-489E-AE9B-FD57EFA523C4}.Debug|x86.ActiveCfg = Debug|Win32
		{4C3A60EB-933A-489E-AE9B-FD57EFA523C4}.Debug|x86.Build.0 = Debug|Win32
		{4C3A60EB-933A-489E-AE9B-FD57EFA523C4}.Release|x64.ActiveCfg = Release|x64
		{4C3A60EB-933A-489E-AE9B-FD57EFA523C4}.Release|x64.Build.0 = Release|x64
		{4C3A60EB-933A-489E-AE9B-FD57EFA523C4}.Release|x86.ActiveCfg = Release|Win32
		{4C3A60EB-933A-489E-AE9B-FD57EFA523C4}.Release|x86.Build.0 = Release|Win32
		{468244BA-E436-445C-B201-20CA3FCA48BB}.Debug|x64.ActiveCfg = Debug|x64
		{468244BA-E436-445C-B201-20CA3FCA48BB}.Debug|x64.Build.0 = Debug|x64
		{468244BA-E436-445C-B201-20CA3FCA48BB}.Debug|x86.ActiveCfg = Debug|Win32
		{468244BA-E436-445C-B201-20CA3FCA48BB}.Debug|x86.Build.0 = Debug|Win32
		{468244BA-E436-445C-B201-20CA3FCA48BB}.Release|x64.ActiveCfg = Release|x64
		{468244BA-E436-445C-B201-20CA3FCA48BB}.Release|x64.Build.0 = Release|x64
		{468244BA-E436-445C-B201-20CA3FCA48BB}.Release|x86.ActiveCfg = Release|Win32
		{468244BA-E436-445C-B201-20CA3FCA48BB}.Release|x86.Build.0 = Release|Win32
		{3F4BB0B4-2318-418D-8050-C78165F3FF87}.Debug|x64.ActiveCfg = Debug|x64
		{3F4BB0B4-2318-418D-8050-C78165F3FF87}.Debug|x64.Build.0 = Debug|x64
		{3F4BB0B4-2318-418D-8050-C78165F3FF87}.Debug|x86.ActiveCfg = Debug|Win32
		{3F4BB0B4-2318-418D-8050-C78165F3FF87}.Debug|x86.Build.0 = Debug|Win32
		{3F4BB0B4-2318-418D-8050-C78165F3FF87}.Release|x64.ActiveCfg = Release|x64
		{3F4BB0B4-2318-418D-8050-C78165F3FF87}.Release|x64.Build.0 = Release|x64
		{3F4BB0B4-2318-418D-8050-C78165F3FF87}.Release|x86.ActiveCfg = Release|Win32
		{3F4BB0B4-2318-418D-8050-C78165F3FF87}.Release|x86.Build.0 = Release|Win32
		{4A85965C-B408-4C05-A565-1EA185BF1011}.Debug|x64.ActiveCfg = Debug|x64
		{4A85965C-B408-4C05-A565-1EA185BF1011}.Debug|x64.Build.0 = Debug|x64
		{4A85965C-B408-4C05-A565-1EA185BF1011}.Debug|x86.ActiveCfg = Debug|Win32
		{4A85965C-B408-4C05-A565-1EA185BF1011}.Debug|x86.Build.0 = Debug|Win32
		{4A85965C-B408-4C05-A565-1EA185BF1011}.Release|x64.ActiveCfg = Release|x64
		{4A85965C-B408-4C05-A565-1EA185BF1011}.Release|x64.Build.0 = Release|x64
		{4A85965C-B408-4C05-A565-1EA185BF1011}.Release|x86.ActiveCfg = Release|Win32
		{4A85965C-B408-4C05-A565-1EA185BF1011}.Release|x86.Build.0 = Release|Win32
		{A1D056B0-13EF-44BD-92D4-59BAB319D2CA}.Debug|x64.ActiveCfg = Debug|x64
		{A1D056B0-13EF-44BD-92D4-59BAB319D2CA}.Debug|x64.Build.0 = Debug|x64
		{A1D056B0-13EF-44BD-92D4-59BAB319D2CA}.Debug|x86.ActiveCfg = Debug|Win32
		{A1D056B0-13EF-44BD-92D4-59BAB319D2CA}.Debug|x86.Build.0 = Debug|Win32
		{A1D056B0-13EF-44BD-92D4-59BAB319D2CA}.Release|x64.ActiveCfg = Release|x64
		{A1D056B0-13EF-44BD-92D4-59BAB319D2CA}.Release|x64.Build.0 = Release|x64
		{A1D056B0-13EF-44BD-92D4-59BAB319D2CA}.Release|x86.ActiveCfg = Release|Win32
		{A1D056B0-13EF-44BD-92D4-59BAB319D2CA}.Release|x86.Build.0 = Release|Win32
	EndGlobalSection
	GlobalSection(SolutionProperties) = preSolution
		HideSolutionNode = FALSE
	EndGlobalSection
	GlobalSection(ExtensibilityGlobals) = postSolution
		SolutionGuid = {F6B9F6D6-054A-459F-A70A-DD0536FF597B}
	EndGlobalSection
EndGlobal
