<?xml version="1.0" encoding="utf-8"?>
<Project ToolsVersion="4.0" xmlns="http://schemas.microsoft.com/developer/msbuild/2003">
  <ItemGroup>
    <Filter Include="源文件">
      <UniqueIdentifier>{4FC737F1-C7A5-4376-A066-2A32D752A2FF}</UniqueIdentifier>
      <Extensions>cpp;c;cc;cxx;c++;cppm;ixx;def;odl;idl;hpj;bat;asm;asmx</Extensions>
    </Filter>
    <Filter Include="头文件">
      <UniqueIdentifier>{93995380-89BD-4b04-88EB-625FBE52EBFB}</UniqueIdentifier>
      <Extensions>h;hh;hpp;hxx;h++;hm;inl;inc;ipp;xsd</Extensions>
    </Filter>
    <Filter Include="资源文件">
      <UniqueIdentifier>{67DA6AB6-F800-4c08-8B7A-83BB121AAD01}</UniqueIdentifier>
      <Extensions>rc;ico;cur;bmp;dlg;rc2;rct;bin;rgs;gif;jpg;jpeg;jpe;resx;tiff;tif;png;wav;mfcribbon-ms</Extensions>
    </Filter>
    <Filter Include="头文件\page">
      <UniqueIdentifier>{b3c3213f-3e0c-4fff-a4b9-955c96dd2d03}</UniqueIdentifier>
    </Filter>
    <Filter Include="头文件\maps_and_tools">
      <UniqueIdentifier>{47c2e052-fbff-4fb7-ba2d-f732e7426637}</UniqueIdentifier>
    </Filter>
    <Filter Include="头文件\small_widget">
      <UniqueIdentifier>{89d74a34-44da-4692-a606-8bcf26fd97a7}</UniqueIdentifier>
    </Filter>
    <Filter Include="源文件\maps_and_tools">
      <UniqueIdentifier>{305c7b73-5ac6-41c3-a344-afb587e5b5b4}</UniqueIdentifier>
    </Filter>
    <Filter Include="源文件\page">
      <UniqueIdentifier>{9cdd0100-9cf9-4a93-a0ac-539a581d430f}</UniqueIdentifier>
    </Filter>
    <Filter Include="源文件\small_widget">
      <UniqueIdentifier>{f6e7ac41-d18a-4be4-b827-5b0f7a61f258}</UniqueIdentifier>
    </Filter>
  </ItemGroup>
  <ItemGroup>
    <ClCompile Include="final_assignment.cpp">
      <Filter>源文件</Filter>
    </ClCompile>
    <ClCompile Include="Widget.cpp">
      <Filter>源文件</Filter>
    </ClCompile>
    <ClCompile Include="home_page.cpp">
      <Filter>源文件\page</Filter>
    </ClCompile>
    <ClCompile Include="option.cpp">
      <Filter>源文件\small_widget</Filter>
    </ClCompile>
    <ClCompile Include="map_select_page.cpp">
      <Filter>源文件\page</Filter>
    </ClCompile>
    <ClCompile Include="roads.cpp">
      <Filter>源文件\maps_and_tools</Filter>
    </ClCompile>
    <ClCompile Include="houses.cpp">
      <Filter>源文件\maps_and_tools</Filter>
    </ClCompile>
    <ClCompile Include="map.cpp">
      <Filter>源文件\maps_and_tools</Filter>
    </ClCompile>
    <ClCompile Include="maps.cpp">
      <Filter>源文件\maps_and_tools</Filter>
    </ClCompile>
  </ItemGroup>
  <ItemGroup>
    <ClInclude Include="Widget.h">
      <Filter>头文件</Filter>
    </ClInclude>
    <ClInclude Include="enum_lib.h">
      <Filter>头文件</Filter>
    </ClInclude>
    <ClInclude Include="map_editing_page.h">
      <Filter>头文件\page</Filter>
    </ClInclude>
    <ClInclude Include="map_select_page.h">
      <Filter>头文件\page</Filter>
    </ClInclude>
    <ClInclude Include="navigation_page.h">
      <Filter>头文件\page</Filter>
    </ClInclude>
    <ClInclude Include="option.h">
      <Filter>头文件\small_widget</Filter>
    </ClInclude>
    <ClInclude Include="picture_option.h">
      <Filter>头文件\small_widget</Filter>
    </ClInclude>
    <ClInclude Include="roads.h">
      <Filter>头文件\maps_and_tools</Filter>
    </ClInclude>
    <ClInclude Include="houses.h">
      <Filter>头文件\maps_and_tools</Filter>
    </ClInclude>
    <ClInclude Include="map.h">
      <Filter>头文件\maps_and_tools</Filter>
    </ClInclude>
    <ClInclude Include="maps.h">
      <Filter>头文件\maps_and_tools</Filter>
    </ClInclude>
    <ClInclude Include="abstract_page.h">
      <Filter>头文件\page</Filter>
    </ClInclude>
    <ClInclude Include="home_page.h">
      <Filter>头文件\page</Filter>
    </ClInclude>
  </ItemGroup>
</Project>